
Microsoft Visual Studio Solution File, Format Version 12.00
# Visual Studio Version 17
VisualStudioVersion = 17.9.34622.214
MinimumVisualStudioVersion = 10.0.40219.1
Project("{FAE04EC0-301F-11D3-BF4B-00C04F79EFBC}") = "Test.Calculadora", "Test.Calculadora.csproj", "{64972F7D-5E05-472C-8D43-342362A4237C}"
EndProject
Project("{FAE04EC0-301F-11D3-BF4B-00C04F79EFBC}") = "Test.Calculadora.UnitTest.AppMSTest", "..\Test.Calculadora.UnitTest.AppMSTest\Test.Calculadora.UnitTest.AppMSTest.csproj", "{0CBF73FC-B950-4F42-9DE0-8579847546C1}"
EndProject
Project("{FAE04EC0-301F-11D3-BF4B-00C04F79EFBC}") = "Test.Calculadora.UnitTest.AppxUnit", "..\Test.Calculadora.UnitTest.AppxUnit\Test.Calculadora.UnitTest.AppxUnit.csproj", "{BB57382E-2D99-4127-B228-4F30C470E242}"
EndProject
Global
	GlobalSection(SolutionConfigurationPlatforms) = preSolution
		Debug|Any CPU = Debug|Any CPU
		Release|Any CPU = Release|Any CPU
	EndGlobalSection
	GlobalSection(ProjectConfigurationPlatforms) = postSolution
		{64972F7D-5E05-472C-8D43-342362A4237C}.Debug|Any CPU.ActiveCfg = Debug|Any CPU
		{64972F7D-5E05-472C-8D43-342362A4237C}.Debug|Any CPU.Build.0 = Debug|Any CPU
		{64972F7D-5E05-472C-8D43-342362A4237C}.Release|Any CPU.ActiveCfg = Release|Any CPU
		{64972F7D-5E05-472C-8D43-342362A4237C}.Release|Any CPU.Build.0 = Release|Any CPU
		{0CBF73FC-B950-4F42-9DE0-8579847546C1}.Debug|Any CPU.ActiveCfg = Debug|Any CPU
		{0CBF73FC-B950-4F42-9DE0-8579847546C1}.Debug|Any CPU.Build.0 = Debug|Any CPU
		{0CBF73FC-B950-4F42-9DE0-8579847546C1}.Release|Any CPU.ActiveCfg = Release|Any CPU
		{0CBF73FC-B950-4F42-9DE0-8579847546C1}.Release|Any CPU.Build.0 = Release|Any CPU
		{BB57382E-2D99-4127-B228-4F30C470E242}.Debug|Any CPU.ActiveCfg = Debug|Any CPU
		{BB57382E-2D99-4127-B228-4F30C470E242}.Debug|Any CPU.Build.0 = Debug|Any CPU
		{BB57382E-2D99-4127-B228-4F30C470E242}.Release|Any CPU.ActiveCfg = Release|Any CPU
		{BB57382E-2D99-4127-B228-4F30C470E242}.Release|Any CPU.Build.0 = Release|Any CPU
	EndGlobalSection
	GlobalSection(SolutionProperties) = preSolution
		HideSolutionNode = FALSE
	EndGlobalSection
	GlobalSection(ExtensibilityGlobals) = postSolution
		SolutionGuid = {478C8ADF-0F55-4747-BE33-D0695F2B51FC}
	EndGlobalSection
EndGlobal
